
Microsoft Visual Studio Solution File, Format Version 12.00
# Visual Studio Version 17
VisualStudioVersion = 17.10.35013.160
MinimumVisualStudioVersion = 10.0.40219.1
Project("{FAE04EC0-301F-11D3-BF4B-00C04F79EFBC}") = "MQWebAPICallTestPanel", "MQWebAPICallTestPanel\MQWebAPICallTestPanel.csproj", "{6AACB93E-F686-4EB6-A462-039C3F3B8DC2}"
EndProject
Project("{FAE04EC0-301F-11D3-BF4B-00C04F79EFBC}") = "RabbieMQTest", "RabbieMQTest\RabbieMQTest.csproj", "{9B0DB451-34B8-4A69-8AD1-C7996A292A0C}"
EndProject
Project("{FAE04EC0-301F-11D3-BF4B-00C04F79EFBC}") = "WebApplicationTest2", "WebApplicationTest2\WebApplicationTest2.csproj", "{1E32D364-A489-4797-AB92-1DF5C37A78A6}"
EndProject
Project("{FAE04EC0-301F-11D3-BF4B-00C04F79EFBC}") = "MQGovernor", "MQGovernor\MQGovernor.csproj", "{1BC04871-33F8-4542-9385-24D62B935AC3}"
EndProject
Project("{FAE04EC0-301F-11D3-BF4B-00C04F79EFBC}") = "MQAdminService", "MQAdminService\MQAdminService.csproj", "{90830D2E-8829-4DD8-8F4F-610DE9AC4511}"
EndProject
Project("{FAE04EC0-301F-11D3-BF4B-00C04F79EFBC}") = "CommonLibrary", "CommonLibrary\CommonLibrary.csproj", "{F454BF51-45A6-45A9-8794-39D1505CCEDA}"
EndProject
Global
	GlobalSection(SolutionConfigurationPlatforms) = preSolution
		Debug|Any CPU = Debug|Any CPU
		Release|Any CPU = Release|Any CPU
	EndGlobalSection
	GlobalSection(ProjectConfigurationPlatforms) = postSolution
		{6AACB93E-F686-4EB6-A462-039C3F3B8DC2}.Debug|Any CPU.ActiveCfg = Debug|Any CPU
		{6AACB93E-F686-4EB6-A462-039C3F3B8DC2}.Debug|Any CPU.Build.0 = Debug|Any CPU
		{6AACB93E-F686-4EB6-A462-039C3F3B8DC2}.Release|Any CPU.ActiveCfg = Release|Any CPU
		{6AACB93E-F686-4EB6-A462-039C3F3B8DC2}.Release|Any CPU.Build.0 = Release|Any CPU
		{9B0DB451-34B8-4A69-8AD1-C7996A292A0C}.Debug|Any CPU.ActiveCfg = Debug|Any CPU
		{9B0DB451-34B8-4A69-8AD1-C7996A292A0C}.Debug|Any CPU.Build.0 = Debug|Any CPU
		{9B0DB451-34B8-4A69-8AD1-C7996A292A0C}.Release|Any CPU.ActiveCfg = Release|Any CPU
		{9B0DB451-34B8-4A69-8AD1-C7996A292A0C}.Release|Any CPU.Build.0 = Release|Any CPU
		{1E32D364-A489-4797-AB92-1DF5C37A78A6}.Debug|Any CPU.ActiveCfg = Debug|Any CPU
		{1E32D364-A489-4797-AB92-1DF5C37A78A6}.Debug|Any CPU.Build.0 = Debug|Any CPU
		{1E32D364-A489-4797-AB92-1DF5C37A78A6}.Release|Any CPU.ActiveCfg = Release|Any CPU
		{1E32D364-A489-4797-AB92-1DF5C37A78A6}.Release|Any CPU.Build.0 = Release|Any CPU
		{1BC04871-33F8-4542-9385-24D62B935AC3}.Debug|Any CPU.ActiveCfg = Debug|Any CPU
		{1BC04871-33F8-4542-9385-24D62B935AC3}.Debug|Any CPU.Build.0 = Debug|Any CPU
		{1BC04871-33F8-4542-9385-24D62B935AC3}.Release|Any CPU.ActiveCfg = Release|Any CPU
		{1BC04871-33F8-4542-9385-24D62B935AC3}.Release|Any CPU.Build.0 = Release|Any CPU
		{90830D2E-8829-4DD8-8F4F-610DE9AC4511}.Debug|Any CPU.ActiveCfg = Debug|Any CPU
		{90830D2E-8829-4DD8-8F4F-610DE9AC4511}.Debug|Any CPU.Build.0 = Debug|Any CPU
		{90830D2E-8829-4DD8-8F4F-610DE9AC4511}.Release|Any CPU.ActiveCfg = Release|Any CPU
		{90830D2E-8829-4DD8-8F4F-610DE9AC4511}.Release|Any CPU.Build.0 = Release|Any CPU
		{F454BF51-45A6-45A9-8794-39D1505CCEDA}.Debug|Any CPU.ActiveCfg = Debug|Any CPU
		{F454BF51-45A6-45A9-8794-39D1505CCEDA}.Debug|Any CPU.Build.0 = Debug|Any CPU
		{F454BF51-45A6-45A9-8794-39D1505CCEDA}.Release|Any CPU.ActiveCfg = Release|Any CPU
		{F454BF51-45A6-45A9-8794-39D1505CCEDA}.Release|Any CPU.Build.0 = Release|Any CPU
	EndGlobalSection
	GlobalSection(SolutionProperties) = preSolution
		HideSolutionNode = FALSE
	EndGlobalSection
	GlobalSection(ExtensibilityGlobals) = postSolution
		SolutionGuid = {D824DDD2-0CD7-4F53-8460-747CD4761AF4}
	EndGlobalSection
EndGlobal
